[1:a]aformat=sample_rates=48000:channel_layouts=stereo,atrim=start=0.000:end=6.048,asetpts=PTS-STARTPTS,atrim=end=6.048,asetpts=PTS-STARTPTS,atrim=start=0.000:end=6.048,asetpts=PTS-STARTPTS,adelay=delays=1000:all=1[a0];
[2:a]aformat=sample_rates=48000:channel_layouts=stereo,atrim=start=0.000:end=8.000,asetpts=PTS-STARTPTS,atrim=end=8.000,asetpts=PTS-STARTPTS,asendcmd=c='0.033 volume@v2 volume 0.01815;0.066 volume@v2 volume 0.0363;0.100 volume@v2 volume 0.055;0.133 volume@v2 volume 0.07315;0.166 volume@v2 volume 0.0913;0.200 volume@v2 volume 0.11;0.233 volume@v2 volume 0.12815;0.266 volume@v2 volume 0.1463;0.300 volume@v2 volume 0.165;0.333 volume@v2 volume 0.18315;0.366 volume@v2 volume 0.2013;0.400 volume@v2 volume 0.22;0.433 volume@v2 volume 0.218983;0.466 volume@v2 volume 0.215826;0.500 volume@v2 volume 0.210201;0.533 volume@v2 volume 0.202401;0.566 volume@v2 volume 0.19241;0.600 volume@v2 volume 0.180174;0.633 volume@v2 volume 0.167014;0.666 volume@v2 volume 0.153397;0.700 volume@v2 volume 0.139826;0.733 volume@v2 volume 0.127925;0.766 volume@v2 volume 0.117871;0.800 volume@v2 volume 0.109799;0.833 volume@v2 volume 0.104305;0.866 volume@v2 volume 0.10108;0.900 volume@v2 volume 0.1;7.133 volume@v2 volume 0.125791;7.166 volume@v2 volume 0.148409;7.200 volume@v2 volume 0.168464;7.233 volume@v2 volume 0.184246;7.266 volume@v2 volume 0.195384;7.300 volume@v2 volume 0.2;7.333 volume@v2 volume 0.199078;7.366 volume@v2 volume 0.196494;7.400 volume@v2 volume 0.192331;7.433 volume@v2 volume 0.187012;7.466 volume@v2 volume 0.180575;7.500 volume@v2 volume 0.172892;7.533 volume@v2 volume 0.16451;7.566 volume@v2 volume 0.155293;7.600 volume@v2 volume 0.144991;7.633 volume@v2 volume 0.134265;7.666 volume@v2 volume 0.122867;7.700 volume@v2 volume 0.110459;7.733 volume@v2 volume 0.097801;7.766 volume@v2 volume 0.08456;7.800 volume@v2 volume 0.070325;7.833 volume@v2 volume 0.055939;7.866 volume@v2 volume 0.040988;7.900 volume@v2 volume 0.024964;7.933 volume@v2 volume 0.008729;7.966 volume@v2 volume 0;',volume@v2=volume=0:eval=frame,atrim=start=0.000:end=8.000,asetpts=PTS-STARTPTS,adelay=delays=0:all=1[a1];
[a0][a1]amix=inputs=2:normalize=0,apad,atrim=end=8.000[mix]
